version = 1
revision = 3
requires-python = ">=3.13"

[[package]]
name = "hanmatek-cmd"
version = "0.1.0"
source = { virtual = "." }
dependencies = [
    { name = "minimalmodbus" },
]

[package.metadata]
requires-dist = [{ name = "minimalmodbus", specifier = ">=2.1.1" }]

[[package]]
name = "minimalmodbus"
version = "2.1.1"
source = { registry = "https://pypi.org/simple" }
dependencies = [
    { name = "pyserial" },
]
sdist = { url = "https://files.pythonhosted.org/packages/37/fc/8a58f7bcdece751f16a4a9aac780acd1288aa8ac6adbffdd764c88fb71c6/minimalmodbus-2.1.1.tar.gz", hash = "sha256:c3f5a56e107d537e4bb420f7e735841ab2939c8ca6fb528f5fe4124571315b64", size = 102512, upload-time = "2023-07-17T19:51:19.184Z" }
wheels = [
    { url = "https://files.pythonhosted.org/packages/25/7b/b73ba3ec36687341e37a1c9df0ebec3e3b2b0f8d6ae14e109ec5076ebe58/minimalmodbus-2.1.1-py3-none-any.whl", hash = "sha256:75c677e2f3ea901b762f8b2ab7cf8ad84de915bbea275d66e30b724e23887b1a", size = 32335, upload-time = "2023-07-17T19:51:16.707Z" },
]

[[package]]
name = "pyserial"
version = "3.5"
source = { registry = "https://pypi.org/simple" }
sdist = { url = "https://files.pythonhosted.org/packages/1e/7d/ae3f0a63f41e4d2f6cb66a5b57197850f919f59e558159a4dd3a818f5082/pyserial-3.5.tar.gz", hash = "sha256:3c77e014170dfffbd816e6ffc205e9842efb10be9f58ec16d3e8675b4925cddb", size = 159125, upload-time = "2020-11-23T03:59:15.045Z" }
wheels = [
    { url = "https://files.pythonhosted.org/packages/07/bc/587a445451b253b285629263eb51c2d8e9bcea4fc97826266d186f96f558/pyserial-3.5-py2.py3-none-any.whl", hash = "sha256:c4451db6ba391ca6ca299fb3ec7bae67a5c55dde170964c7a14ceefec02f2cf0", size = 90585, upload-time = "2020-11-23T03:59:13.41Z" },
]
